// !$*UTF8*$!
{
	archiveVersion = 1;
	classes = {
	};
	objectVersion = 46;
	objects = {

/* Begin PBXBuildFile section */
		694166D03D02BD84A82CE060 /* Pods_WebApp_Apple.framework in Frameworks */ = {isa = PBXBuildFile; fileRef = 1983EE06653ACB9D2C355031 /* Pods_WebApp_Apple.framework */; };
		920202251DFB0EBB008D70A2 /* InitialVC.swift in Sources */ = {isa = PBXBuildFile; fileRef = 920202241DFB0EBB008D70A2 /* InitialVC.swift */; };
		9261F4AB1E0AE05400186D78 /* bing.png in Resources */ = {isa = PBXBuildFile; fileRef = 9261F4A81E0AE05400186D78 /* bing.png */; };
		9261F4AC1E0AE05400186D78 /* dcd.png in Resources */ = {isa = PBXBuildFile; fileRef = 9261F4A91E0AE05400186D78 /* dcd.png */; };
		9261F4AD1E0AE05400186D78 /* google.png in Resources */ = {isa = PBXBuildFile; fileRef = 9261F4AA1E0AE05400186D78 /* google.png */; };
		9261F4B01E0AEB0000186D78 /* www.png in Resources */ = {isa = PBXBuildFile; fileRef = 9261F4AF1E0AEB0000186D78 /* www.png */; };
		9261F4B21E0AEE5500186D78 /* batman.png in Resources */ = {isa = PBXBuildFile; fileRef = 9261F4B11E0AEE5500186D78 /* batman.png */; };
		9261F4B41E0AEEA100186D78 /* ubuntu.png in Resources */ = {isa = PBXBuildFile; fileRef = 9261F4B31E0AEEA100186D78 /* ubuntu.png */; };
		9261F4BA1E0AEFB200186D78 /* wikimedia.svg in Resources */ = {isa = PBXBuildFile; fileRef = 9261F4B91E0AEFB200186D78 /* wikimedia.svg */; };
		9261F4BC1E0AF10500186D78 /* autobot.png in Resources */ = {isa = PBXBuildFile; fileRef = 9261F4BB1E0AF10500186D78 /* autobot.png */; };
		9261F4C01E0AF20400186D78 /* Wikimedia-logo-V.png in Resources */ = {isa = PBXBuildFile; fileRef = 9261F4BF1E0AF20400186D78 /* Wikimedia-logo-V.png */; };
		9261F4C21E0AFA3A00186D78 /* Toaster.framework in Frameworks */ = {isa = PBXBuildFile; fileRef = 9261F4C11E0AFA3A00186D78 /* Toaster.framework */; };
		927732F01DF9A50B0043AC44 /* AppDelegate.swift in Sources */ = {isa = PBXBuildFile; fileRef = 927732EF1DF9A50B0043AC44 /* AppDelegate.swift */; };
		927732F21DF9A50B0043AC44 /* ViewController.swift in Sources */ = {isa = PBXBuildFile; fileRef = 927732F11DF9A50B0043AC44 /* ViewController.swift */; };
		927732F51DF9A50B0043AC44 /* Main.storyboard in Resources */ = {isa = PBXBuildFile; fileRef = 927732F31DF9A50B0043AC44 /* Main.storyboard */; };
		927732F71DF9A50B0043AC44 /* Assets.xcassets in Resources */ = {isa = PBXBuildFile; fileRef = 927732F61DF9A50B0043AC44 /* Assets.xcassets */; };
		927732FA1DF9A50B0043AC44 /* LaunchScreen.storyboard in Resources */ = {isa = PBXBuildFile; fileRef = 927732F81DF9A50B0043AC44 /* LaunchScreen.storyboard */; };
		92B59C861E151DD700E18652 /* Reachablility.swift in Sources */ = {isa = PBXBuildFile; fileRef = 92B59C851E151DD700E18652 /* Reachablility.swift */; };
		92EB41E71E0BC7F1009F9F89 /* camouflage.jpg in Resources */ = {isa = PBXBuildFile; fileRef = 92EB41E61E0BC7F1009F9F89 /* camouflage.jpg */; };
/* End PBXBuildFile section */

/* Begin PBXFileReference section */
		1983EE06653ACB9D2C355031 /* Pods_WebApp_Apple.framework */ = {isa = PBXFileReference; explicitFileType = wrapper.framework; includeInIndex = 0; path = Pods_WebApp_Apple.framework; sourceTree = BUILT_PRODUCTS_DIR; };
		3254BF5658F2910C00C1808B /* Pods-WebApp_Apple.debug.xcconfig */ = {isa = PBXFileReference; includeInIndex = 1; lastKnownFileType = text.xcconfig; name = "Pods-WebApp_Apple.debug.xcconfig"; path = "Pods/Target Support Files/Pods-WebApp_Apple/Pods-WebApp_Apple.debug.xcconfig"; sourceTree = "<group>"; };
		41A1D1648FFEE9BDF1AC4ED9 /* Pods-WebApp_Apple.release.xcconfig */ = {isa = PBXFileReference; includeInIndex = 1; lastKnownFileType = text.xcconfig; name = "Pods-WebApp_Apple.release.xcconfig"; path = "Pods/Target Support Files/Pods-WebApp_Apple/Pods-WebApp_Apple.release.xcconfig"; sourceTree = "<group>"; };
		920202241DFB0EBB008D70A2 /* InitialVC.swift */ = {isa = PBXFileReference; fileEncoding = 4; lastKnownFileType = sourcecode.swift; path = InitialVC.swift; sourceTree = "<group>"; };
		9261F4A81E0AE05400186D78 /* bing.png */ = {isa = PBXFileReference; lastKnownFileType = image.png; path = bing.png; sourceTree = "<group>"; };
		9261F4A91E0AE05400186D78 /* dcd.png */ = {isa = PBXFileReference; lastKnownFileType = image.png; path = dcd.png; sourceTree = "<group>"; };
		9261F4AA1E0AE05400186D78 /* google.png */ = {isa = PBXFileReference; lastKnownFileType = image.png; path = google.png; sourceTree = "<group>"; };
		9261F4AF1E0AEB0000186D78 /* www.png */ = {isa = PBXFileReference; lastKnownFileType = image.png; path = www.png; sourceTree = "<group>"; };
		9261F4B11E0AEE5500186D78 /* batman.png */ = {isa = PBXFileReference; lastKnownFileType = image.png; path = batman.png; sourceTree = "<group>"; };
		9261F4B31E0AEEA100186D78 /* ubuntu.png */ = {isa = PBXFileReference; lastKnownFileType = image.png; path = ubuntu.png; sourceTree = "<group>"; };
		9261F4B91E0AEFB200186D78 /* wikimedia.svg */ = {isa = PBXFileReference; fileEncoding = 4; lastKnownFileType = text.xml; path = wikimedia.svg; sourceTree = "<group>"; };
		9261F4BB1E0AF10500186D78 /* autobot.png */ = {isa = PBXFileReference; lastKnownFileType = image.png; path = autobot.png; sourceTree = "<group>"; };
		9261F4BF1E0AF20400186D78 /* Wikimedia-logo-V.png */ = {isa = PBXFileReference; lastKnownFileType = image.png; path = "Wikimedia-logo-V.png"; sourceTree = "<group>"; };
		9261F4C11E0AFA3A00186D78 /* Toaster.framework */ = {isa = PBXFileReference; lastKnownFileType = wrapper.framework; name = Toaster.framework; path = "../../Library/Developer/Xcode/DerivedData/WebApp_Apple-elkytnqohzpscwbxjdakdasuvzpu/Build/Products/Debug-iphonesimulator/Toaster/Toaster.framework"; sourceTree = "<group>"; };
		927732EC1DF9A50B0043AC44 /* WebApp_Apple.app */ = {isa = PBXFileReference; explicitFileType = wrapper.application; includeInIndex = 0; path = WebApp_Apple.app; sourceTree = BUILT_PRODUCTS_DIR; };
		927732EF1DF9A50B0043AC44 /* AppDelegate.swift */ = {isa = PBXFileReference; lastKnownFileType = sourcecode.swift; path = AppDelegate.swift; sourceTree = "<group>"; };
		927732F11DF9A50B0043AC44 /* ViewController.swift */ = {isa = PBXFileReference; lastKnownFileType = sourcecode.swift; path = ViewController.swift; sourceTree = "<group>"; };
		927732F41DF9A50B0043AC44 /* Base */ = {isa = PBXFileReference; lastKnownFileType = file.storyboard; name = Base; path = Base.lproj/Main.storyboard; sourceTree = "<group>"; };
		927732F61DF9A50B0043AC44 /* Assets.xcassets */ = {isa = PBXFileReference; lastKnownFileType = folder.assetcatalog; path = Assets.xcassets; sourceTree = "<group>"; };
		927732F91DF9A50B0043AC44 /* Base */ = {isa = PBXFileReference; lastKnownFileType = file.storyboard; name = Base; path = Base.lproj/LaunchScreen.storyboard; sourceTree = "<group>"; };
		927732FB1DF9A50B0043AC44 /* Info.plist */ = {isa = PBXFileReference; lastKnownFileType = text.plist.xml; path = Info.plist; sourceTree = "<group>"; };
		92B59C851E151DD700E18652 /* Reachablility.swift */ = {isa = PBXFileReference; fileEncoding = 4; lastKnownFileType = sourcecode.swift; path = Reachablility.swift; sourceTree = "<group>"; };
		92EB41E61E0BC7F1009F9F89 /* camouflage.jpg */ = {isa = PBXFileReference; lastKnownFileType = image.jpeg; path = camouflage.jpg; sourceTree = SOURCE_ROOT; };
/* End PBXFileReference section */

/* Begin PBXFrameworksBuildPhase section */
		927732E91DF9A50A0043AC44 /* Frameworks */ = {
			isa = PBXFrameworksBuildPhase;
			buildActionMask = 2147483647;
			files = (
				9261F4C21E0AFA3A00186D78 /* Toaster.framework in Frameworks */,
				694166D03D02BD84A82CE060 /* Pods_WebApp_Apple.framework in Frameworks */,
			);
			runOnlyForDeploymentPostprocessing = 0;
		};
/* End PBXFrameworksBuildPhase section */

/* Begin PBXGroup section */
		236D5A1AE8F63F43F815DCDD /* Frameworks */ = {
			isa = PBXGroup;
			children = (
				9261F4C11E0AFA3A00186D78 /* Toaster.framework */,
				1983EE06653ACB9D2C355031 /* Pods_WebApp_Apple.framework */,
			);
			name = Frameworks;
			sourceTree = "<group>";
		};
		9261F4AE1E0AE05D00186D78 /* Resources */ = {
			isa = PBXGroup;
			children = (
				92EB41E61E0BC7F1009F9F89 /* camouflage.jpg */,
				9261F4BF1E0AF20400186D78 /* Wikimedia-logo-V.png */,
				9261F4A81E0AE05400186D78 /* bing.png */,
				9261F4A91E0AE05400186D78 /* dcd.png */,
				9261F4AA1E0AE05400186D78 /* google.png */,
				9261F4BB1E0AF10500186D78 /* autobot.png */,
				9261F4B91E0AEFB200186D78 /* wikimedia.svg */,
				9261F4B31E0AEEA100186D78 /* ubuntu.png */,
				9261F4B11E0AEE5500186D78 /* batman.png */,
				9261F4AF1E0AEB0000186D78 /* www.png */,
			);
			name = Resources;
			sourceTree = "<group>";
		};
		927732E31DF9A50A0043AC44 = {
			isa = PBXGroup;
			children = (
				927732EE1DF9A50B0043AC44 /* WebApp_Apple */,
				927732ED1DF9A50B0043AC44 /* Products */,
				C428CDFF3522588DA6B67222 /* Pods */,
				236D5A1AE8F63F43F815DCDD /* Frameworks */,
			);
			sourceTree = "<group>";
		};
		927732ED1DF9A50B0043AC44 /* Products */ = {
			isa = PBXGroup;
			children = (
				927732EC1DF9A50B0043AC44 /* WebApp_Apple.app */,
			);
			name = Products;
			sourceTree = "<group>";
		};
		927732EE1DF9A50B0043AC44 /* WebApp_Apple */ = {
			isa = PBXGroup;
			children = (
				9261F4AE1E0AE05D00186D78 /* Resources */,
				927732EF1DF9A50B0043AC44 /* AppDelegate.swift */,
				927732F11DF9A50B0043AC44 /* ViewController.swift */,
				920202241DFB0EBB008D70A2 /* InitialVC.swift */,
				927732F31DF9A50B0043AC44 /* Main.storyboard */,
				927732F61DF9A50B0043AC44 /* Assets.xcassets */,
				927732F81DF9A50B0043AC44 /* LaunchScreen.storyboard */,
				927732FB1DF9A50B0043AC44 /* Info.plist */,
				92B59C851E151DD700E18652 /* Reachablility.swift */,
			);
			path = WebApp_Apple;
			sourceTree = "<group>";
		};
		C428CDFF3522588DA6B67222 /* Pods */ = {
			isa = PBXGroup;
			children = (
				3254BF5658F2910C00C1808B /* Pods-WebApp_Apple.debug.xcconfig */,
				41A1D1648FFEE9BDF1AC4ED9 /* Pods-WebApp_Apple.release.xcconfig */,
			);
			name = Pods;
			sourceTree = "<group>";
		};
/* End PBXGroup section */

/* Begin PBXNativeTarget section */
		927732EB1DF9A50A0043AC44 /* WebApp_Apple */ = {
			isa = PBXNativeTarget;
			buildConfigurationList = 927732FE1DF9A50B0043AC44 /* Build configuration list for PBXNativeTarget "WebApp_Apple" */;
			buildPhases = (
				8C05AF66745A2A9508B8A056 /* [CP] Check Pods Manifest.lock */,
				927732E81DF9A50A0043AC44 /* Sources */,
				927732E91DF9A50A0043AC44 /* Frameworks */,
				927732EA1DF9A50A0043AC44 /* Resources */,
				9DB9828F41541E5129BEB3AD /* [CP] Embed Pods Frameworks */,
				EDC2A0DA11767E5AF2B8CDEC /* [CP] Copy Pods Resources */,
			);
			buildRules = (
			);
			dependencies = (
			);
			name = WebApp_Apple;
			productName = WebApp_Apple;
			productReference = 927732EC1DF9A50B0043AC44 /* WebApp_Apple.app */;
			productType = "com.apple.product-type.application";
		};
/* End PBXNativeTarget section */

/* Begin PBXProject section */
		927732E41DF9A50A0043AC44 /* Project object */ = {
			isa = PBXProject;
			attributes = {
				LastSwiftUpdateCheck = 0810;
				LastUpgradeCheck = 0820;
				ORGANIZATIONNAME = "Aryan Sharma";
				TargetAttributes = {
					927732EB1DF9A50A0043AC44 = {
						CreatedOnToolsVersion = 8.1;
						DevelopmentTeam = 468S6LB8MD;
						ProvisioningStyle = Manual;
					};
				};
			};
			buildConfigurationList = 927732E71DF9A50A0043AC44 /* Build configuration list for PBXProject "WebApp_Apple" */;
			compatibilityVersion = "Xcode 3.2";
			developmentRegion = English;
			hasScannedForEncodings = 0;
			knownRegions = (
				en,
				Base,
			);
			mainGroup = 927732E31DF9A50A0043AC44;
			productRefGroup = 927732ED1DF9A50B0043AC44 /* Products */;
			projectDirPath = "";
			projectRoot = "";
			targets = (
				927732EB1DF9A50A0043AC44 /* WebApp_Apple */,
			);
		};
/* End PBXProject section */

/* Begin PBXResourcesBuildPhase section */
		927732EA1DF9A50A0043AC44 /* Resources */ = {
			isa = PBXResourcesBuildPhase;
			buildActionMask = 2147483647;
			files = (
				92EB41E71E0BC7F1009F9F89 /* camouflage.jpg in Resources */,
				9261F4C01E0AF20400186D78 /* Wikimedia-logo-V.png in Resources */,
				9261F4B41E0AEEA100186D78 /* ubuntu.png in Resources */,
				9261F4B21E0AEE5500186D78 /* batman.png in Resources */,
				927732FA1DF9A50B0043AC44 /* LaunchScreen.storyboard in Resources */,
				9261F4B01E0AEB0000186D78 /* www.png in Resources */,
				927732F71DF9A50B0043AC44 /* Assets.xcassets in Resources */,
				9261F4BA1E0AEFB200186D78 /* wikimedia.svg in Resources */,
				9261F4BC1E0AF10500186D78 /* autobot.png in Resources */,
				927732F51DF9A50B0043AC44 /* Main.storyboard in Resources */,
				9261F4AC1E0AE05400186D78 /* dcd.png in Resources */,
				9261F4AD1E0AE05400186D78 /* google.png in Resources */,
				9261F4AB1E0AE05400186D78 /* bing.png in Resources */,
			);
			runOnlyForDeploymentPostprocessing = 0;
		};
/* End PBXResourcesBuildPhase section */

/* Begin PBXShellScriptBuildPhase section */
		8C05AF66745A2A9508B8A056 /* [CP] Check Pods Manifest.lock */ = {
			isa = PBXShellScriptBuildPhase;
			buildActionMask = 2147483647;
			files = (
			);
			inputPaths = (
			);
			name = "[CP] Check Pods Manifest.lock";
			outputPaths = (
			);
			runOnlyForDeploymentPostprocessing = 0;
			shellPath = /bin/sh;
			shellScript = "diff \"${PODS_ROOT}/../Podfile.lock\" \"${PODS_ROOT}/Manifest.lock\" > /dev/null\nif [ $? != 0 ] ; then\n    # print error to STDERR\n    echo \"error: The sandbox is not in sync with the Podfile.lock. Run 'pod install' or update your CocoaPods installation.\" >&2\n    exit 1\nfi\n";
			showEnvVarsInLog = 0;
		};
		9DB9828F41541E5129BEB3AD /* [CP] Embed Pods Frameworks */ = {
			isa = PBXShellScriptBuildPhase;
			buildActionMask = 2147483647;
			files = (
			);
			inputPaths = (
			);
			name = "[CP] Embed Pods Frameworks";
			outputPaths = (
			);
			runOnlyForDeploymentPostprocessing = 0;
			shellPath = /bin/sh;
			shellScript = "\"${SRCROOT}/Pods/Target Support Files/Pods-WebApp_Apple/Pods-WebApp_Apple-frameworks.sh\"\n";
			showEnvVarsInLog = 0;
		};
		EDC2A0DA11767E5AF2B8CDEC /* [CP] Copy Pods Resources */ = {
			isa = PBXShellScriptBuildPhase;
			buildActionMask = 2147483647;
			files = (
			);
			inputPaths = (
			);
			name = "[CP] Copy Pods Resources";
			outputPaths = (
			);
			runOnlyForDeploymentPostprocessing = 0;
			shellPath = /bin/sh;
			shellScript = "\"${SRCROOT}/Pods/Target Support Files/Pods-WebApp_Apple/Pods-WebApp_Apple-resources.sh\"\n";
			showEnvVarsInLog = 0;
		};
/* End PBXShellScriptBuildPhase section */

/* Begin PBXSourcesBuildPhase section */
		927732E81DF9A50A0043AC44 /* Sources */ = {
			isa = PBXSourcesBuildPhase;
			buildActionMask = 2147483647;
			files = (
				920202251DFB0EBB008D70A2 /* InitialVC.swift in Sources */,
				927732F21DF9A50B0043AC44 /* ViewController.swift in Sources */,
				927732F01DF9A50B0043AC44 /* AppDelegate.swift in Sources */,
				92B59C861E151DD700E18652 /* Reachablility.swift in Sources */,
			);
			runOnlyForDeploymentPostprocessing = 0;
		};
/* End PBXSourcesBuildPhase section */

/* Begin PBXVariantGroup section */
		927732F31DF9A50B0043AC44 /* Main.storyboard */ = {
			isa = PBXVariantGroup;
			children = (
				927732F41DF9A50B0043AC44 /* Base */,
			);
			name = Main.storyboard;
			sourceTree = "<group>";
		};
		927732F81DF9A50B0043AC44 /* LaunchScreen.storyboard */ = {
			isa = PBXVariantGroup;
			children = (
				927732F91DF9A50B0043AC44 /* Base */,
			);
			name = LaunchScreen.storyboard;
			sourceTree = "<group>";
		};
/* End PBXVariantGroup section */

/* Begin XCBuildConfiguration section */
		927732FC1DF9A50B0043AC44 /* Debug */ = {
			isa = XCBuildConfiguration;
			buildSettings = {
				ALWAYS_SEARCH_USER_PATHS = NO;
				CLANG_ANALYZER_NONNULL = YES;
				CLANG_CXX_LANGUAGE_STANDARD = "gnu++0x";
				CLANG_CXX_LIBRARY = "libc++";
				CLANG_ENABLE_MODULES = YES;
				CLANG_ENABLE_OBJC_ARC = YES;
				CLANG_WARN_BOOL_CONVERSION = YES;
				CLANG_WARN_CONSTANT_CONVERSION = YES;
				CLANG_WARN_DIRECT_OBJC_ISA_USAGE = YES_ERROR;
				CLANG_WARN_DOCUMENTATION_COMMENTS = YES;
				CLANG_WARN_EMPTY_BODY = YES;
				CLANG_WARN_ENUM_CONVERSION = YES;
				CLANG_WARN_INFINITE_RECURSION = YES;
				CLANG_WARN_INT_CONVERSION = YES;
				CLANG_WARN_OBJC_ROOT_CLASS = YES_ERROR;
				CLANG_WARN_SUSPICIOUS_MOVE = YES;
				CLANG_WARN_SUSPICIOUS_MOVES = YES;
				CLANG_WARN_UNREACHABLE_CODE = YES;
				CLANG_WARN__DUPLICATE_METHOD_MATCH = YES;
				"CODE_SIGN_IDENTITY[sdk=iphoneos*]" = "iPhone Developer";
				COPY_PHASE_STRIP = NO;
				DEBUG_INFORMATION_FORMAT = dwarf;
				ENABLE_STRICT_OBJC_MSGSEND = YES;
				ENABLE_TESTABILITY = YES;
				GCC_C_LANGUAGE_STANDARD = gnu99;
				GCC_DYNAMIC_NO_PIC = NO;
				GCC_NO_COMMON_BLOCKS = YES;
				GCC_OPTIMIZATION_LEVEL = 0;
				GCC_PREPROCESSOR_DEFINITIONS = (
					"DEBUG=1",
					"$(inherited)",
				);
				GCC_WARN_64_TO_32_BIT_CONVERSION = YES;
				GCC_WARN_ABOUT_RETURN_TYPE = YES_ERROR;
				GCC_WARN_UNDECLARED_SELECTOR = YES;
				GCC_WARN_UNINITIALIZED_AUTOS = YES_AGGRESSIVE;
				GCC_WARN_UNUSED_FUNCTION = YES;
				GCC_WARN_UNUSED_VARIABLE = YES;
				IPHONEOS_DEPLOYMENT_TARGET = 10.1;
				MTL_ENABLE_DEBUG_INFO = YES;
				ONLY_ACTIVE_ARCH = YES;
				SDKROOT = iphoneos;
				SWIFT_ACTIVE_COMPILATION_CONDITIONS = DEBUG;
				SWIFT_OPTIMIZATION_LEVEL = "-Onone";
				TARGETED_DEVICE_FAMILY = "1,2";
			};
			name = Debug;
		};
		927732FD1DF9A50B0043AC44 /* Release */ = {
			isa = XCBuildConfiguration;
			buildSettings = {
				ALWAYS_SEARCH_USER_PATHS = NO;
				CLANG_ANALYZER_NONNULL = YES;
				CLANG_CXX_LANGUAGE_STANDARD = "gnu++0x";
				CLANG_CXX_LIBRARY = "libc++";
				CLANG_ENABLE_MODULES = YES;
				CLANG_ENABLE_OBJC_ARC = YES;
				CLANG_WARN_BOOL_CONVERSION = YES;
				CLANG_WARN_CONSTANT_CONVERSION = YES;
				CLANG_WARN_DIRECT_OBJC_ISA_USAGE = YES_ERROR;
				CLANG_WARN_DOCUMENTATION_COMMENTS = YES;
				CLANG_WARN_EMPTY_BODY = YES;
				CLANG_WARN_ENUM_CONVERSION = YES;
				CLANG_WARN_INFINITE_RECURSION = YES;
				CLANG_WARN_INT_CONVERSION = YES;
				CLANG_WARN_OBJC_ROOT_CLASS = YES_ERROR;
				CLANG_WARN_SUSPICIOUS_MOVE = YES;
				CLANG_WARN_SUSPICIOUS_MOVES = YES;
				CLANG_WARN_UNREACHABLE_CODE = YES;
				CLANG_WARN__DUPLICATE_METHOD_MATCH = YES;
				"CODE_SIGN_IDENTITY[sdk=iphoneos*]" = "iPhone Developer";
				COPY_PHASE_STRIP = NO;
				DEBUG_INFORMATION_FORMAT = "dwarf-with-dsym";
				ENABLE_NS_ASSERTIONS = NO;
				ENABLE_STRICT_OBJC_MSGSEND = YES;
				GCC_C_LANGUAGE_STANDARD = gnu99;
				GCC_NO_COMMON_BLOCKS = YES;
				GCC_WARN_64_TO_32_BIT_CONVERSION = YES;
				GCC_WARN_ABOUT_RETURN_TYPE = YES_ERROR;
				GCC_WARN_UNDECLARED_SELECTOR = YES;
				GCC_WARN_UNINITIALIZED_AUTOS = YES_AGGRESSIVE;
				GCC_WARN_UNUSED_FUNCTION = YES;
				GCC_WARN_UNUSED_VARIABLE = YES;
				IPHONEOS_DEPLOYMENT_TARGET = 10.1;
				MTL_ENABLE_DEBUG_INFO = NO;
				SDKROOT = iphoneos;
				SWIFT_OPTIMIZATION_LEVEL = "-Owholemodule";
				TARGETED_DEVICE_FAMILY = "1,2";
				VALIDATE_PRODUCT = YES;
			};
			name = Release;
		};
		927732FF1DF9A50B0043AC44 /* Debug */ = {
			isa = XCBuildConfiguration;
			baseConfigurationReference = 3254BF5658F2910C00C1808B /* Pods-WebApp_Apple.debug.xcconfig */;
			buildSettings = {
				ALWAYS_EMBED_SWIFT_STANDARD_LIBRARIES = YES;
				ASSETCATALOG_COMPILER_APPICON_NAME = AppIcon;
				"CODE_SIGN_IDENTITY[sdk=iphoneos*]" = "iPhone Developer";
				DEVELOPMENT_TEAM = 468S6LB8MD;
				INFOPLIST_FILE = WebApp_Apple/Info.plist;
				LD_RUNPATH_SEARCH_PATHS = "$(inherited) @executable_path/Frameworks";
				PRODUCT_BUNDLE_IDENTIFIER = buildFlash.IncogBrowser;
				PRODUCT_NAME = "$(TARGET_NAME)";
				PROVISIONING_PROFILE = "42602343-890e-44e6-b1cf-8c55321bec74";
				PROVISIONING_PROFILE_SPECIFIER = profile_dev_dec_2016;
				SWIFT_VERSION = 3.0;
			};
			name = Debug;
		};
		927733001DF9A50B0043AC44 /* Release */ = {
			isa = XCBuildConfiguration;
			baseConfigurationReference = 41A1D1648FFEE9BDF1AC4ED9 /* Pods-WebApp_Apple.release.xcconfig */;
			buildSettings = {
				ALWAYS_EMBED_SWIFT_STANDARD_LIBRARIES = YES;
				ASSETCATALOG_COMPILER_APPICON_NAME = AppIcon;
				"CODE_SIGN_IDENTITY[sdk=iphoneos*]" = "iPhone Developer";
				DEVELOPMENT_TEAM = 468S6LB8MD;
				INFOPLIST_FILE = WebApp_Apple/Info.plist;
				LD_RUNPATH_SEARCH_PATHS = "$(inherited) @executable_path/Frameworks";
				PRODUCT_BUNDLE_IDENTIFIER = buildFlash.IncogBrowser;
				PRODUCT_NAME = "$(TARGET_NAME)";
				PROVISIONING_PROFILE = "42602343-890e-44e6-b1cf-8c55321bec74";
				PROVISIONING_PROFILE_SPECIFIER = profile_dev_dec_2016;
				SWIFT_VERSION = 3.0;
			};
			name = Release;
		};
/* End XCBuildConfiguration section */

/* Begin XCConfigurationList section */
		927732E71DF9A50A0043AC44 /* Build configuration list for PBXProject "WebApp_Apple" */ = {
			isa = XCConfigurationList;
			buildConfigurations = (
				927732FC1DF9A50B0043AC44 /* Debug */,
				927732FD1DF9A50B0043AC44 /* Release */,
			);
			defaultConfigurationIsVisible = 0;
			defaultConfigurationName = Release;
		};
		927732FE1DF9A50B0043AC44 /* Build configuration list for PBXNativeTarget "WebApp_Apple" */ = {
			isa = XCConfigurationList;
			buildConfigurations = (
				927732FF1DF9A50B0043AC44 /* Debug */,
				927733001DF9A50B0043AC44 /* Release */,
			);
			defaultConfigurationIsVisible = 0;
			defaultConfigurationName = Release;
		};
/* End XCConfigurationList section */
	};
	rootObject = 927732E41DF9A50A0043AC44 /* Project object */;
}
